// !$*UTF8*$!
{
	archiveVersion = 1;
	classes = {
	};
	objectVersion = 48;
	objects = {

/* Begin PBXBuildFile section */
		0CADA3BC1FE0392D0005A84B /* AppDelegate.swift in Sources */ = {isa = PBXBuildFile; fileRef = 0CADA3BB1FE0392D0005A84B /* AppDelegate.swift */; };
		0CADA3BE1FE0392D0005A84B /* ViewController.swift in Sources */ = {isa = PBXBuildFile; fileRef = 0CADA3BD1FE0392D0005A84B /* ViewController.swift */; };
		0CADA3C11FE0392D0005A84B /* Main.storyboard in Resources */ = {isa = PBXBuildFile; fileRef = 0CADA3BF1FE0392D0005A84B /* Main.storyboard */; };
		0CADA3C41FE0392D0005A84B /* NetworkAndCoreDataTask.xcdatamodeld in Sources */ = {isa = PBXBuildFile; fileRef = 0CADA3C21FE0392D0005A84B /* NetworkAndCoreDataTask.xcdatamodeld */; };
		0CADA3C61FE0392D0005A84B /* Assets.xcassets in Resources */ = {isa = PBXBuildFile; fileRef = 0CADA3C51FE0392D0005A84B /* Assets.xcassets */; };
		0CADA3C91FE0392D0005A84B /* LaunchScreen.storyboard in Resources */ = {isa = PBXBuildFile; fileRef = 0CADA3C71FE0392D0005A84B /* LaunchScreen.storyboard */; };
/* End PBXBuildFile section */

/* Begin PBXFileReference section */
		0CADA3B81FE0392D0005A84B /* NetworkAndCoreDataTask.app */ = {isa = PBXFileReference; explicitFileType = wrapper.application; includeInIndex = 0; path = NetworkAndCoreDataTask.app; sourceTree = BUILT_PRODUCTS_DIR; };
		0CADA3BB1FE0392D0005A84B /* AppDelegate.swift */ = {isa = PBXFileReference; lastKnownFileType = sourcecode.swift; path = AppDelegate.swift; sourceTree = "<group>"; };
		0CADA3BD1FE0392D0005A84B /* ViewController.swift */ = {isa = PBXFileReference; lastKnownFileType = sourcecode.swift; path = ViewController.swift; sourceTree = "<group>"; };
		0CADA3C01FE0392D0005A84B /* Base */ = {isa = PBXFileReference; lastKnownFileType = file.storyboard; name = Base; path = Base.lproj/Main.storyboard; sourceTree = "<group>"; };
		0CADA3C31FE0392D0005A84B /* NetworkAndCoreDataTask.xcdatamodel */ = {isa = PBXFileReference; lastKnownFileType = wrapper.xcdatamodel; path = NetworkAndCoreDataTask.xcdatamodel; sourceTree = "<group>"; };
		0CADA3C51FE0392D0005A84B /* Assets.xcassets */ = {isa = PBXFileReference; lastKnownFileType = folder.assetcatalog; path = Assets.xcassets; sourceTree = "<group>"; };
		0CADA3C81FE0392D0005A84B /* Base */ = {isa = PBXFileReference; lastKnownFileType = file.storyboard; name = Base; path = Base.lproj/LaunchScreen.storyboard; sourceTree = "<group>"; };
		0CADA3CA1FE0392D0005A84B /* Info.plist */ = {isa = PBXFileReference; lastKnownFileType = text.plist.xml; path = Info.plist; sourceTree = "<group>"; };
/* End PBXFileReference section */

/* Begin PBXFrameworksBuildPhase section */
		0CADA3B51FE0392D0005A84B /* Frameworks */ = {
			isa = PBXFrameworksBuildPhase;
			buildActionMask = 2147483647;
			files = (
			);
			runOnlyForDeploymentPostprocessing = 0;
		};
/* End PBXFrameworksBuildPhase section */

/* Begin PBXGroup section */
		0CADA3AF1FE0392D0005A84B = {
			isa = PBXGroup;
			children = (
				0CADA3BA1FE0392D0005A84B /* NetworkAndCoreDataTask */,
				0CADA3B91FE0392D0005A84B /* Products */,
			);
			sourceTree = "<group>";
		};
		0CADA3B91FE0392D0005A84B /* Products */ = {
			isa = PBXGroup;
			children = (
				0CADA3B81FE0392D0005A84B /* NetworkAndCoreDataTask.app */,
			);
			name = Products;
			sourceTree = "<group>";
		};
		0CADA3BA1FE0392D0005A84B /* NetworkAndCoreDataTask */ = {
			isa = PBXGroup;
			children = (
				0CADA3BB1FE0392D0005A84B /* AppDelegate.swift */,
				0CADA3BD1FE0392D0005A84B /* ViewController.swift */,
				0CADA3BF1FE0392D0005A84B /* Main.storyboard */,
				0CADA3C51FE0392D0005A84B /* Assets.xcassets */,
				0CADA3C71FE0392D0005A84B /* LaunchScreen.storyboard */,
				0CADA3CA1FE0392D0005A84B /* Info.plist */,
				0CADA3C21FE0392D0005A84B /* NetworkAndCoreDataTask.xcdatamodeld */,
			);
			path = NetworkAndCoreDataTask;
			sourceTree = "<group>";
		};
/* End PBXGroup section */

/* Begin PBXNativeTarget section */
		0CADA3B71FE0392D0005A84B /* NetworkAndCoreDataTask */ = {
			isa = PBXNativeTarget;
			buildConfigurationList = 0CADA3CD1FE0392D0005A84B /* Build configuration list for PBXNativeTarget "NetworkAndCoreDataTask" */;
			buildPhases = (
				0CADA3B41FE0392D0005A84B /* Sources */,
				0CADA3B51FE0392D0005A84B /* Frameworks */,
				0CADA3B61FE0392D0005A84B /* Resources */,
			);
			buildRules = (
			);
			dependencies = (
			);
			name = NetworkAndCoreDataTask;
			productName = NetworkAndCoreDataTask;
			productReference = 0CADA3B81FE0392D0005A84B /* NetworkAndCoreDataTask.app */;
			productType = "com.apple.product-type.application";
		};
/* End PBXNativeTarget section */

/* Begin PBXProject section */
		0CADA3B01FE0392D0005A84B /* Project object */ = {
			isa = PBXProject;
			attributes = {
				LastSwiftUpdateCheck = 0900;
				LastUpgradeCheck = 0900;
				ORGANIZATIONNAME = "Anupam G";
				TargetAttributes = {
					0CADA3B71FE0392D0005A84B = {
						CreatedOnToolsVersion = 9.0.1;
						ProvisioningStyle = Automatic;
					};
				};
			};
			buildConfigurationList = 0CADA3B31FE0392D0005A84B /* Build configuration list for PBXProject "NetworkAndCoreDataTask" */;
			compatibilityVersion = "Xcode 8.0";
			developmentRegion = en;
			hasScannedForEncodings = 0;
			knownRegions = (
				en,
				Base,
			);
			mainGroup = 0CADA3AF1FE0392D0005A84B;
			productRefGroup = 0CADA3B91FE0392D0005A84B /* Products */;
			projectDirPath = "";
			projectRoot = "";
			targets = (
				0CADA3B71FE0392D0005A84B /* NetworkAndCoreDataTask */,
			);
		};
/* End PBXProject section */

/* Begin PBXResourcesBuildPhase section */
		0CADA3B61FE0392D0005A84B /* Resources */ = {
			isa = PBXResourcesBuildPhase;
			buildActionMask = 2147483647;
			files = (
				0CADA3C91FE0392D0005A84B /* LaunchScreen.storyboard in Resources */,
				0CADA3C61FE0392D0005A84B /* Assets.xcassets in Resources */,
				0CADA3C11FE0392D0005A84B /* Main.storyboard in Resources */,
			);
			runOnlyForDeploymentPostprocessing = 0;
		};
/* End PBXResourcesBuildPhase section */

/* Begin PBXSourcesBuildPhase section */
		0CADA3B41FE0392D0005A84B /* Sources */ = {
			isa = PBXSourcesBuildPhase;
			buildActionMask = 2147483647;
			files = (
				0CADA3C41FE0392D0005A84B /* NetworkAndCoreDataTask.xcdatamodeld in Sources */,
				0CADA3BE1FE0392D0005A84B /* ViewController.swift in Sources */,
				0CADA3BC1FE0392D0005A84B /* AppDelegate.swift in Sources */,
			);
			runOnlyForDeploymentPostprocessing = 0;
		};
/* End PBXSourcesBuildPhase section */

/* Begin PBXVariantGroup section */
		0CADA3BF1FE0392D0005A84B /* Main.storyboard */ = {
			isa = PBXVariantGroup;
			children = (
				0CADA3C01FE0392D0005A84B /* Base */,
			);
			name = Main.storyboard;
			sourceTree = "<group>";
		};
		0CADA3C71FE0392D0005A84B /* LaunchScreen.storyboard */ = {
			isa = PBXVariantGroup;
			children = (
				0CADA3C81FE0392D0005A84B /* Base */,
			);
			name = LaunchScreen.storyboard;
			sourceTree = "<group>";
		};
/* End PBXVariantGroup section */

/* Begin XCBuildConfiguration section */
		0CADA3CB1FE0392D0005A84B /* Debug */ = {
			isa = XCBuildConfiguration;
			buildSettings = {
				ALWAYS_SEARCH_USER_PATHS = NO;
				CLANG_ANALYZER_NONNULL = YES;
				CLANG_ANALYZER_NUMBER_OBJECT_CONVERSION = YES_AGGRESSIVE;
				CLANG_CXX_LANGUAGE_STANDARD = "gnu++14";
				CLANG_CXX_LIBRARY = "libc++";
				CLANG_ENABLE_MODULES = YES;
				CLANG_ENABLE_OBJC_ARC = YES;
				CLANG_WARN_BLOCK_CAPTURE_AUTORELEASING = YES;
				CLANG_WARN_BOOL_CONVERSION = YES;
				CLANG_WARN_COMMA = YES;
				CLANG_WARN_CONSTANT_CONVERSION = YES;
				CLANG_WARN_DIRECT_OBJC_ISA_USAGE = YES_ERROR;
				CLANG_WARN_DOCUMENTATION_COMMENTS = YES;
				CLANG_WARN_EMPTY_BODY = YES;
				CLANG_WARN_ENUM_CONVERSION = YES;
				CLANG_WARN_INFINITE_RECURSION = YES;
				CLANG_WARN_INT_CONVERSION = YES;
				CLANG_WARN_NON_LITERAL_NULL_CONVERSION = YES;
				CLANG_WARN_OBJC_LITERAL_CONVERSION = YES;
				CLANG_WARN_OBJC_ROOT_CLASS = YES_ERROR;
				CLANG_WARN_RANGE_LOOP_ANALYSIS = YES;
				CLANG_WARN_STRICT_PROTOTYPES = YES;
				CLANG_WARN_SUSPICIOUS_MOVE = YES;
				CLANG_WARN_UNGUARDED_AVAILABILITY = YES_AGGRESSIVE;
				CLANG_WARN_UNREACHABLE_CODE = YES;
				CLANG_WARN__DUPLICATE_METHOD_MATCH = YES;
				CODE_SIGN_IDENTITY = "iPhone Developer";
				COPY_PHASE_STRIP = NO;
				DEBUG_INFORMATION_FORMAT = dwarf;
				ENABLE_STRICT_OBJC_MSGSEND = YES;
				ENABLE_TESTABILITY = YES;
				GCC_C_LANGUAGE_STANDARD = gnu11;
				GCC_DYNAMIC_NO_PIC = NO;
				GCC_NO_COMMON_BLOCKS = YES;
				GCC_OPTIMIZATION_LEVEL = 0;
				GCC_PREPROCESSOR_DEFINITIONS = (
					"DEBUG=1",
					"$(inherited)",
				);
				GCC_WARN_64_TO_32_BIT_CONVERSION = YES;
				GCC_WARN_ABOUT_RETURN_TYPE = YES_ERROR;
				GCC_WARN_UNDECLARED_SELECTOR = YES;
				GCC_WARN_UNINITIALIZED_AUTOS = YES_AGGRESSIVE;
				GCC_WARN_UNUSED_FUNCTION = YES;
				GCC_WARN_UNUSED_VARIABLE = YES;
				IPHONEOS_DEPLOYMENT_TARGET = 11.0;
				MTL_ENABLE_DEBUG_INFO = YES;
				ONLY_ACTIVE_ARCH = YES;
				SDKROOT = iphoneos;
				SWIFT_ACTIVE_COMPILATION_CONDITIONS = DEBUG;
				SWIFT_OPTIMIZATION_LEVEL = "-Onone";
			};
			name = Debug;
		};
		0CADA3CC1FE0392D0005A84B /* Release */ = {
			isa = XCBuildConfiguration;
			buildSettings = {
				ALWAYS_SEARCH_USER_PATHS = NO;
				CLANG_ANALYZER_NONNULL = YES;
				CLANG_ANALYZER_NUMBER_OBJECT_CONVERSION = YES_AGGRESSIVE;
				CLANG_CXX_LANGUAGE_STANDARD = "gnu++14";
				CLANG_CXX_LIBRARY = "libc++";
				CLANG_ENABLE_MODULES = YES;
				CLANG_ENABLE_OBJC_ARC = YES;
				CLANG_WARN_BLOCK_CAPTURE_AUTORELEASING = YES;
				CLANG_WARN_BOOL_CONVERSION = YES;
				CLANG_WARN_COMMA = YES;
				CLANG_WARN_CONSTANT_CONVERSION = YES;
				CLANG_WARN_DIRECT_OBJC_ISA_USAGE = YES_ERROR;
				CLANG_WARN_DOCUMENTATION_COMMENTS = YES;
				CLANG_WARN_EMPTY_BODY = YES;
				CLANG_WARN_ENUM_CONVERSION = YES;
				CLANG_WARN_INFINITE_RECURSION = YES;
				CLANG_WARN_INT_CONVERSION = YES;
				CLANG_WARN_NON_LITERAL_NULL_CONVERSION = YES;
				CLANG_WARN_OBJC_LITERAL_CONVERSION = YES;
				CLANG_WARN_OBJC_ROOT_CLASS = YES_ERROR;
				CLANG_WARN_RANGE_LOOP_ANALYSIS = YES;
				CLANG_WARN_STRICT_PROTOTYPES = YES;
				CLANG_WARN_SUSPICIOUS_MOVE = YES;
				CLANG_WARN_UNGUARDED_AVAILABILITY = YES_AGGRESSIVE;
				CLANG_WARN_UNREACHABLE_CODE = YES;
				CLANG_WARN__DUPLICATE_METHOD_MATCH = YES;
				CODE_SIGN_IDENTITY = "iPhone Developer";
				COPY_PHASE_STRIP = NO;
				DEBUG_INFORMATION_FORMAT = "dwarf-with-dsym";
				ENABLE_NS_ASSERTIONS = NO;
				ENABLE_STRICT_OBJC_MSGSEND = YES;
				GCC_C_LANGUAGE_STANDARD = gnu11;
				GCC_NO_COMMON_BLOCKS = YES;
				GCC_WARN_64_TO_32_BIT_CONVERSION = YES;
				GCC_WARN_ABOUT_RETURN_TYPE = YES_ERROR;
				GCC_WARN_UNDECLARED_SELECTOR = YES;
				GCC_WARN_UNINITIALIZED_AUTOS = YES_AGGRESSIVE;
				GCC_WARN_UNUSED_FUNCTION = YES;
				GCC_WARN_UNUSED_VARIABLE = YES;
				IPHONEOS_DEPLOYMENT_TARGET = 11.0;
				MTL_ENABLE_DEBUG_INFO = NO;
				SDKROOT = iphoneos;
				SWIFT_OPTIMIZATION_LEVEL = "-Owholemodule";
				VALIDATE_PRODUCT = YES;
			};
			name = Release;
		};
		0CADA3CE1FE0392D0005A84B /* Debug */ = {
			isa = XCBuildConfiguration;
			buildSettings = {
				ASSETCATALOG_COMPILER_APPICON_NAME = AppIcon;
				CODE_SIGN_STYLE = Automatic;
				INFOPLIST_FILE = NetworkAndCoreDataTask/Info.plist;
				LD_RUNPATH_SEARCH_PATHS = "$(inherited) @executable_path/Frameworks";
				PRODUCT_BUNDLE_IDENTIFIER = "Anupam-Gupta.NetworkAndCoreDataTask";
				PRODUCT_NAME = "$(TARGET_NAME)";
				SWIFT_VERSION = 4.0;
				TARGETED_DEVICE_FAMILY = "1,2";
			};
			name = Debug;
		};
		0CADA3CF1FE0392D0005A84B /* Release */ = {
			isa = XCBuildConfiguration;
			buildSettings = {
				ASSETCATALOG_COMPILER_APPICON_NAME = AppIcon;
				CODE_SIGN_STYLE = Automatic;
				INFOPLIST_FILE = NetworkAndCoreDataTask/Info.plist;
				LD_RUNPATH_SEARCH_PATHS = "$(inherited) @executable_path/Frameworks";
				PRODUCT_BUNDLE_IDENTIFIER = "Anupam-Gupta.NetworkAndCoreDataTask";
				PRODUCT_NAME = "$(TARGET_NAME)";
				SWIFT_VERSION = 4.0;
				TARGETED_DEVICE_FAMILY = "1,2";
			};
			name = Release;
		};
/* End XCBuildConfiguration section */

/* Begin XCConfigurationList section */
		0CADA3B31FE0392D0005A84B /* Build configuration list for PBXProject "NetworkAndCoreDataTask" */ = {
			isa = XCConfigurationList;
			buildConfigurations = (
				0CADA3CB1FE0392D0005A84B /* Debug */,
				0CADA3CC1FE0392D0005A84B /* Release */,
			);
			defaultConfigurationIsVisible = 0;
			defaultConfigurationName = Release;
		};
		0CADA3CD1FE0392D0005A84B /* Build configuration list for PBXNativeTarget "NetworkAndCoreDataTask" */ = {
			isa = XCConfigurationList;
			buildConfigurations = (
				0CADA3CE1FE0392D0005A84B /* Debug */,
				0CADA3CF1FE0392D0005A84B /* Release */,
			);
			defaultConfigurationIsVisible = 0;
			defaultConfigurationName = Release;
		};
/* End XCConfigurationList section */

/* Begin XCVersionGroup section */
		0CADA3C21FE0392D0005A84B /* NetworkAndCoreDataTask.xcdatamodeld */ = {
			isa = XCVersionGroup;
			children = (
				0CADA3C31FE0392D0005A84B /* NetworkAndCoreDataTask.xcdatamodel */,
			);
			currentVersion = 0CADA3C31FE0392D0005A84B /* NetworkAndCoreDataTask.xcdatamodel */;
			path = NetworkAndCoreDataTask.xcdatamodeld;
			sourceTree = "<group>";
			versionGroupType = wrapper.xcdatamodel;
		};
/* End XCVersionGroup section */
	};
	rootObject = 0CADA3B01FE0392D0005A84B /* Project object */;
}
