// !$*UTF8*$!
{
	archiveVersion = 1;
	classes = {
	};
	objectVersion = 48;
	objects = {

/* Begin PBXBuildFile section */
		0CADA3C11FE0392D0005A84B /* Main.storyboard in Resources */ = {isa = PBXBuildFile; fileRef = 0CADA3BF1FE0392D0005A84B /* Main.storyboard */; };
		0CADA3C41FE0392D0005A84B /* NetworkAndCoreDataTask.xcdatamodeld in Sources */ = {isa = PBXBuildFile; fileRef = 0CADA3C21FE0392D0005A84B /* NetworkAndCoreDataTask.xcdatamodeld */; };
		0CADA3C61FE0392D0005A84B /* Assets.xcassets in Resources */ = {isa = PBXBuildFile; fileRef = 0CADA3C51FE0392D0005A84B /* Assets.xcassets */; };
		0CADA3C91FE0392D0005A84B /* LaunchScreen.storyboard in Resources */ = {isa = PBXBuildFile; fileRef = 0CADA3C71FE0392D0005A84B /* LaunchScreen.storyboard */; };
		0CADA3DB1FE039A60005A84B /* AppDelegate.swift in Sources */ = {isa = PBXBuildFile; fileRef = 0CADA3D11FE039A60005A84B /* AppDelegate.swift */; };
		0CADA3DC1FE039A60005A84B /* ViewController.swift in Sources */ = {isa = PBXBuildFile; fileRef = 0CADA3DA1FE039A60005A84B /* ViewController.swift */; };
		0CADA3DF1FE039CA0005A84B /* UserListViewController.swift in Sources */ = {isa = PBXBuildFile; fileRef = 0CADA3DD1FE039CA0005A84B /* UserListViewController.swift */; };
		0CADA3E01FE039CA0005A84B /* UserListViewController.xib in Resources */ = {isa = PBXBuildFile; fileRef = 0CADA3DE1FE039CA0005A84B /* UserListViewController.xib */; };
		0CADA3E21FE03AAC0005A84B /* ServerCommunication.swift in Sources */ = {isa = PBXBuildFile; fileRef = 0CADA3E11FE03AAC0005A84B /* ServerCommunication.swift */; };
		0CADA43F1FE06CD40005A84B /* MyCustomClasses.swift in Sources */ = {isa = PBXBuildFile; fileRef = 0CADA43E1FE06CD40005A84B /* MyCustomClasses.swift */; };
		0CADA4541FE0738A0005A84B /* Items+CoreDataClass.swift in Sources */ = {isa = PBXBuildFile; fileRef = 0CADA4501FE0738A0005A84B /* Items+CoreDataClass.swift */; };
		0CADA4551FE0738A0005A84B /* Items+CoreDataProperties.swift in Sources */ = {isa = PBXBuildFile; fileRef = 0CADA4511FE0738A0005A84B /* Items+CoreDataProperties.swift */; };
		0CADA4561FE0738A0005A84B /* User+CoreDataClass.swift in Sources */ = {isa = PBXBuildFile; fileRef = 0CADA4521FE0738A0005A84B /* User+CoreDataClass.swift */; };
		0CADA4571FE0738A0005A84B /* User+CoreDataProperties.swift in Sources */ = {isa = PBXBuildFile; fileRef = 0CADA4531FE0738A0005A84B /* User+CoreDataProperties.swift */; };
		CA4BD5D61FE1324000C51AC5 /* Reachability.swift in Sources */ = {isa = PBXBuildFile; fileRef = CA4BD5D51FE1324000C51AC5 /* Reachability.swift */; };
		CA4BD5D91FE13EA200C51AC5 /* UserListTableCell.swift in Sources */ = {isa = PBXBuildFile; fileRef = CA4BD5D71FE13EA200C51AC5 /* UserListTableCell.swift */; };
		CA4BD5DA1FE13EA200C51AC5 /* UserListTableCell.xib in Resources */ = {isa = PBXBuildFile; fileRef = CA4BD5D81FE13EA200C51AC5 /* UserListTableCell.xib */; };
		CA4BD5DC1FE1481300C51AC5 /* download.png in Resources */ = {isa = PBXBuildFile; fileRef = CA4BD5DB1FE1481300C51AC5 /* download.png */; };
/* End PBXBuildFile section */

/* Begin PBXFileReference section */
		0CADA3B81FE0392D0005A84B /* NetworkAndCoreDataTask.app */ = {isa = PBXFileReference; explicitFileType = wrapper.application; includeInIndex = 0; path = NetworkAndCoreDataTask.app; sourceTree = BUILT_PRODUCTS_DIR; };
		0CADA3C01FE0392D0005A84B /* Base */ = {isa = PBXFileReference; lastKnownFileType = file.storyboard; name = Base; path = Base.lproj/Main.storyboard; sourceTree = "<group>"; };
		0CADA3C31FE0392D0005A84B /* NetworkAndCoreDataTask.xcdatamodel */ = {isa = PBXFileReference; lastKnownFileType = wrapper.xcdatamodel; path = NetworkAndCoreDataTask.xcdatamodel; sourceTree = "<group>"; };
		0CADA3C51FE0392D0005A84B /* Assets.xcassets */ = {isa = PBXFileReference; lastKnownFileType = folder.assetcatalog; path = Assets.xcassets; sourceTree = "<group>"; };
		0CADA3C81FE0392D0005A84B /* Base */ = {isa = PBXFileReference; lastKnownFileType = file.storyboard; name = Base; path = Base.lproj/LaunchScreen.storyboard; sourceTree = "<group>"; };
		0CADA3CA1FE0392D0005A84B /* Info.plist */ = {isa = PBXFileReference; lastKnownFileType = text.plist.xml; path = Info.plist; sourceTree = "<group>"; };
		0CADA3D11FE039A60005A84B /* AppDelegate.swift */ = {isa = PBXFileReference; fileEncoding = 4; lastKnownFileType = sourcecode.swift; path = AppDelegate.swift; sourceTree = "<group>"; };
		0CADA3DA1FE039A60005A84B /* ViewController.swift */ = {isa = PBXFileReference; fileEncoding = 4; lastKnownFileType = sourcecode.swift; path = ViewController.swift; sourceTree = "<group>"; };
		0CADA3DD1FE039CA0005A84B /* UserListViewController.swift */ = {isa = PBXFileReference; lastKnownFileType = sourcecode.swift; path = UserListViewController.swift; sourceTree = "<group>"; };
		0CADA3DE1FE039CA0005A84B /* UserListViewController.xib */ = {isa = PBXFileReference; lastKnownFileType = file.xib; path = UserListViewController.xib; sourceTree = "<group>"; };
		0CADA3E11FE03AAC0005A84B /* ServerCommunication.swift */ = {isa = PBXFileReference; lastKnownFileType = sourcecode.swift; path = ServerCommunication.swift; sourceTree = "<group>"; };
		0CADA43E1FE06CD40005A84B /* MyCustomClasses.swift */ = {isa = PBXFileReference; lastKnownFileType = sourcecode.swift; path = MyCustomClasses.swift; sourceTree = "<group>"; };
		0CADA4501FE0738A0005A84B /* Items+CoreDataClass.swift */ = {isa = PBXFileReference; lastKnownFileType = sourcecode.swift; path = "Items+CoreDataClass.swift"; sourceTree = "<group>"; };
		0CADA4511FE0738A0005A84B /* Items+CoreDataProperties.swift */ = {isa = PBXFileReference; lastKnownFileType = sourcecode.swift; path = "Items+CoreDataProperties.swift"; sourceTree = "<group>"; };
		0CADA4521FE0738A0005A84B /* User+CoreDataClass.swift */ = {isa = PBXFileReference; lastKnownFileType = sourcecode.swift; path = "User+CoreDataClass.swift"; sourceTree = "<group>"; };
		0CADA4531FE0738A0005A84B /* User+CoreDataProperties.swift */ = {isa = PBXFileReference; lastKnownFileType = sourcecode.swift; path = "User+CoreDataProperties.swift"; sourceTree = "<group>"; };
		CA4BD5D51FE1324000C51AC5 /* Reachability.swift */ = {isa = PBXFileReference; fileEncoding = 4; lastKnownFileType = sourcecode.swift; path = Reachability.swift; sourceTree = "<group>"; };
		CA4BD5D71FE13EA200C51AC5 /* UserListTableCell.swift */ = {isa = PBXFileReference; lastKnownFileType = sourcecode.swift; path = UserListTableCell.swift; sourceTree = "<group>"; };
		CA4BD5D81FE13EA200C51AC5 /* UserListTableCell.xib */ = {isa = PBXFileReference; lastKnownFileType = file.xib; path = UserListTableCell.xib; sourceTree = "<group>"; };
		CA4BD5DB1FE1481300C51AC5 /* download.png */ = {isa = PBXFileReference; lastKnownFileType = image.png; path = download.png; sourceTree = "<group>"; };
/* End PBXFileReference section */

/* Begin PBXFrameworksBuildPhase section */
		0CADA3B51FE0392D0005A84B /* Frameworks */ = {
			isa = PBXFrameworksBuildPhase;
			buildActionMask = 2147483647;
			files = (
			);
			runOnlyForDeploymentPostprocessing = 0;
		};
/* End PBXFrameworksBuildPhase section */

/* Begin PBXGroup section */
		0CADA3AF1FE0392D0005A84B = {
			isa = PBXGroup;
			children = (
				CA4BD5D51FE1324000C51AC5 /* Reachability.swift */,
				0CADA4501FE0738A0005A84B /* Items+CoreDataClass.swift */,
				0CADA4511FE0738A0005A84B /* Items+CoreDataProperties.swift */,
				0CADA4521FE0738A0005A84B /* User+CoreDataClass.swift */,
				0CADA4531FE0738A0005A84B /* User+CoreDataProperties.swift */,
				0CADA3BA1FE0392D0005A84B /* NetworkAndCoreDataTask */,
				0CADA3B91FE0392D0005A84B /* Products */,
			);
			sourceTree = "<group>";
		};
		0CADA3B91FE0392D0005A84B /* Products */ = {
			isa = PBXGroup;
			children = (
				0CADA3B81FE0392D0005A84B /* NetworkAndCoreDataTask.app */,
			);
			name = Products;
			sourceTree = "<group>";
		};
		0CADA3BA1FE0392D0005A84B /* NetworkAndCoreDataTask */ = {
			isa = PBXGroup;
			children = (
				0CADA3D01FE039A60005A84B /* ApplicationClasses */,
				0CADA3D81FE039A60005A84B /* Controller */,
				0CADA3D21FE039A60005A84B /* Resources */,
				0CADA3D91FE039A60005A84B /* ViewControllers */,
				0CADA3BF1FE0392D0005A84B /* Main.storyboard */,
				0CADA3C51FE0392D0005A84B /* Assets.xcassets */,
				0CADA3C71FE0392D0005A84B /* LaunchScreen.storyboard */,
				0CADA3CA1FE0392D0005A84B /* Info.plist */,
				0CADA3C21FE0392D0005A84B /* NetworkAndCoreDataTask.xcdatamodeld */,
				0CADA43E1FE06CD40005A84B /* MyCustomClasses.swift */,
				CA4BD5D71FE13EA200C51AC5 /* UserListTableCell.swift */,
				CA4BD5D81FE13EA200C51AC5 /* UserListTableCell.xib */,
				CA4BD5DB1FE1481300C51AC5 /* download.png */,
			);
			path = NetworkAndCoreDataTask;
			sourceTree = "<group>";
		};
		0CADA3D01FE039A60005A84B /* ApplicationClasses */ = {
			isa = PBXGroup;
			children = (
				0CADA3D11FE039A60005A84B /* AppDelegate.swift */,
			);
			path = ApplicationClasses;
			sourceTree = "<group>";
		};
		0CADA3D21FE039A60005A84B /* Resources */ = {
			isa = PBXGroup;
			children = (
				0CADA3D31FE039A60005A84B /* Images */,
				0CADA3D41FE039A60005A84B /* XML */,
				0CADA3D51FE039A60005A84B /* Json */,
				0CADA3D61FE039A60005A84B /* ThirdParty */,
				0CADA3D71FE039A60005A84B /* Utility */,
			);
			path = Resources;
			sourceTree = "<group>";
		};
		0CADA3D31FE039A60005A84B /* Images */ = {
			isa = PBXGroup;
			children = (
			);
			path = Images;
			sourceTree = "<group>";
		};
		0CADA3D41FE039A60005A84B /* XML */ = {
			isa = PBXGroup;
			children = (
			);
			path = XML;
			sourceTree = "<group>";
		};
		0CADA3D51FE039A60005A84B /* Json */ = {
			isa = PBXGroup;
			children = (
			);
			path = Json;
			sourceTree = "<group>";
		};
		0CADA3D61FE039A60005A84B /* ThirdParty */ = {
			isa = PBXGroup;
			children = (
			);
			path = ThirdParty;
			sourceTree = "<group>";
		};
		0CADA3D71FE039A60005A84B /* Utility */ = {
			isa = PBXGroup;
			children = (
			);
			path = Utility;
			sourceTree = "<group>";
		};
		0CADA3D81FE039A60005A84B /* Controller */ = {
			isa = PBXGroup;
			children = (
				0CADA3E11FE03AAC0005A84B /* ServerCommunication.swift */,
			);
			path = Controller;
			sourceTree = "<group>";
		};
		0CADA3D91FE039A60005A84B /* ViewControllers */ = {
			isa = PBXGroup;
			children = (
				0CADA3DA1FE039A60005A84B /* ViewController.swift */,
				0CADA3DD1FE039CA0005A84B /* UserListViewController.swift */,
				0CADA3DE1FE039CA0005A84B /* UserListViewController.xib */,
			);
			path = ViewControllers;
			sourceTree = "<group>";
		};
/* End PBXGroup section */

/* Begin PBXNativeTarget section */
		0CADA3B71FE0392D0005A84B /* NetworkAndCoreDataTask */ = {
			isa = PBXNativeTarget;
			buildConfigurationList = 0CADA3CD1FE0392D0005A84B /* Build configuration list for PBXNativeTarget "NetworkAndCoreDataTask" */;
			buildPhases = (
				0CADA3B41FE0392D0005A84B /* Sources */,
				0CADA3B51FE0392D0005A84B /* Frameworks */,
				0CADA3B61FE0392D0005A84B /* Resources */,
			);
			buildRules = (
			);
			dependencies = (
			);
			name = NetworkAndCoreDataTask;
			productName = NetworkAndCoreDataTask;
			productReference = 0CADA3B81FE0392D0005A84B /* NetworkAndCoreDataTask.app */;
			productType = "com.apple.product-type.application";
		};
/* End PBXNativeTarget section */

/* Begin PBXProject section */
		0CADA3B01FE0392D0005A84B /* Project object */ = {
			isa = PBXProject;
			attributes = {
				LastSwiftUpdateCheck = 0900;
				LastUpgradeCheck = 0900;
				ORGANIZATIONNAME = "Anupam G";
				TargetAttributes = {
					0CADA3B71FE0392D0005A84B = {
						CreatedOnToolsVersion = 9.0.1;
						ProvisioningStyle = Manual;
					};
				};
			};
			buildConfigurationList = 0CADA3B31FE0392D0005A84B /* Build configuration list for PBXProject "NetworkAndCoreDataTask" */;
			compatibilityVersion = "Xcode 8.0";
			developmentRegion = en;
			hasScannedForEncodings = 0;
			knownRegions = (
				en,
				Base,
			);
			mainGroup = 0CADA3AF1FE0392D0005A84B;
			productRefGroup = 0CADA3B91FE0392D0005A84B /* Products */;
			projectDirPath = "";
			projectRoot = "";
			targets = (
				0CADA3B71FE0392D0005A84B /* NetworkAndCoreDataTask */,
			);
		};
/* End PBXProject section */

/* Begin PBXResourcesBuildPhase section */
		0CADA3B61FE0392D0005A84B /* Resources */ = {
			isa = PBXResourcesBuildPhase;
			buildActionMask = 2147483647;
			files = (
				0CADA3C91FE0392D0005A84B /* LaunchScreen.storyboard in Resources */,
				0CADA3E01FE039CA0005A84B /* UserListViewController.xib in Resources */,
				CA4BD5DA1FE13EA200C51AC5 /* UserListTableCell.xib in Resources */,
				0CADA3C61FE0392D0005A84B /* Assets.xcassets in Resources */,
				0CADA3C11FE0392D0005A84B /* Main.storyboard in Resources */,
				CA4BD5DC1FE1481300C51AC5 /* download.png in Resources */,
			);
			runOnlyForDeploymentPostprocessing = 0;
		};
/* End PBXResourcesBuildPhase section */

/* Begin PBXSourcesBuildPhase section */
		0CADA3B41FE0392D0005A84B /* Sources */ = {
			isa = PBXSourcesBuildPhase;
			buildActionMask = 2147483647;
			files = (
				0CADA3E21FE03AAC0005A84B /* ServerCommunication.swift in Sources */,
				0CADA4541FE0738A0005A84B /* Items+CoreDataClass.swift in Sources */,
				0CADA43F1FE06CD40005A84B /* MyCustomClasses.swift in Sources */,
				0CADA3DC1FE039A60005A84B /* ViewController.swift in Sources */,
				0CADA3DF1FE039CA0005A84B /* UserListViewController.swift in Sources */,
				CA4BD5D91FE13EA200C51AC5 /* UserListTableCell.swift in Sources */,
				0CADA4561FE0738A0005A84B /* User+CoreDataClass.swift in Sources */,
				0CADA3DB1FE039A60005A84B /* AppDelegate.swift in Sources */,
				CA4BD5D61FE1324000C51AC5 /* Reachability.swift in Sources */,
				0CADA4551FE0738A0005A84B /* Items+CoreDataProperties.swift in Sources */,
				0CADA4571FE0738A0005A84B /* User+CoreDataProperties.swift in Sources */,
				0CADA3C41FE0392D0005A84B /* NetworkAndCoreDataTask.xcdatamodeld in Sources */,
			);
			runOnlyForDeploymentPostprocessing = 0;
		};
/* End PBXSourcesBuildPhase section */

/* Begin PBXVariantGroup section */
		0CADA3BF1FE0392D0005A84B /* Main.storyboard */ = {
			isa = PBXVariantGroup;
			children = (
				0CADA3C01FE0392D0005A84B /* Base */,
			);
			name = Main.storyboard;
			sourceTree = "<group>";
		};
		0CADA3C71FE0392D0005A84B /* LaunchScreen.storyboard */ = {
			isa = PBXVariantGroup;
			children = (
				0CADA3C81FE0392D0005A84B /* Base */,
			);
			name = LaunchScreen.storyboard;
			sourceTree = "<group>";
		};
/* End PBXVariantGroup section */

/* Begin XCBuildConfiguration section */
		0CADA3CB1FE0392D0005A84B /* Debug */ = {
			isa = XCBuildConfiguration;
			buildSettings = {
				ALWAYS_SEARCH_USER_PATHS = NO;
				CLANG_ANALYZER_NONNULL = YES;
				CLANG_ANALYZER_NUMBER_OBJECT_CONVERSION = YES_AGGRESSIVE;
				CLANG_CXX_LANGUAGE_STANDARD = "gnu++14";
				CLANG_CXX_LIBRARY = "libc++";
				CLANG_ENABLE_MODULES = YES;
				CLANG_ENABLE_OBJC_ARC = YES;
				CLANG_WARN_BLOCK_CAPTURE_AUTORELEASING = YES;
				CLANG_WARN_BOOL_CONVERSION = YES;
				CLANG_WARN_COMMA = YES;
				CLANG_WARN_CONSTANT_CONVERSION = YES;
				CLANG_WARN_DIRECT_OBJC_ISA_USAGE = YES_ERROR;
				CLANG_WARN_DOCUMENTATION_COMMENTS = YES;
				CLANG_WARN_EMPTY_BODY = YES;
				CLANG_WARN_ENUM_CONVERSION = YES;
				CLANG_WARN_INFINITE_RECURSION = YES;
				CLANG_WARN_INT_CONVERSION = YES;
				CLANG_WARN_NON_LITERAL_NULL_CONVERSION = YES;
				CLANG_WARN_OBJC_LITERAL_CONVERSION = YES;
				CLANG_WARN_OBJC_ROOT_CLASS = YES_ERROR;
				CLANG_WARN_RANGE_LOOP_ANALYSIS = YES;
				CLANG_WARN_STRICT_PROTOTYPES = YES;
				CLANG_WARN_SUSPICIOUS_MOVE = YES;
				CLANG_WARN_UNGUARDED_AVAILABILITY = YES_AGGRESSIVE;
				CLANG_WARN_UNREACHABLE_CODE = YES;
				CLANG_WARN__DUPLICATE_METHOD_MATCH = YES;
				CODE_SIGN_IDENTITY = "iPhone Developer";
				COPY_PHASE_STRIP = NO;
				DEBUG_INFORMATION_FORMAT = dwarf;
				ENABLE_STRICT_OBJC_MSGSEND = YES;
				ENABLE_TESTABILITY = YES;
				GCC_C_LANGUAGE_STANDARD = gnu11;
				GCC_DYNAMIC_NO_PIC = NO;
				GCC_NO_COMMON_BLOCKS = YES;
				GCC_OPTIMIZATION_LEVEL = 0;
				GCC_PREPROCESSOR_DEFINITIONS = (
					"DEBUG=1",
					"$(inherited)",
				);
				GCC_WARN_64_TO_32_BIT_CONVERSION = YES;
				GCC_WARN_ABOUT_RETURN_TYPE = YES_ERROR;
				GCC_WARN_UNDECLARED_SELECTOR = YES;
				GCC_WARN_UNINITIALIZED_AUTOS = YES_AGGRESSIVE;
				GCC_WARN_UNUSED_FUNCTION = YES;
				GCC_WARN_UNUSED_VARIABLE = YES;
				IPHONEOS_DEPLOYMENT_TARGET = 11.0;
				MTL_ENABLE_DEBUG_INFO = YES;
				ONLY_ACTIVE_ARCH = YES;
				SDKROOT = iphoneos;
				SWIFT_ACTIVE_COMPILATION_CONDITIONS = DEBUG;
				SWIFT_OPTIMIZATION_LEVEL = "-Onone";
			};
			name = Debug;
		};
		0CADA3CC1FE0392D0005A84B /* Release */ = {
			isa = XCBuildConfiguration;
			buildSettings = {
				ALWAYS_SEARCH_USER_PATHS = NO;
				CLANG_ANALYZER_NONNULL = YES;
				CLANG_ANALYZER_NUMBER_OBJECT_CONVERSION = YES_AGGRESSIVE;
				CLANG_CXX_LANGUAGE_STANDARD = "gnu++14";
				CLANG_CXX_LIBRARY = "libc++";
				CLANG_ENABLE_MODULES = YES;
				CLANG_ENABLE_OBJC_ARC = YES;
				CLANG_WARN_BLOCK_CAPTURE_AUTORELEASING = YES;
				CLANG_WARN_BOOL_CONVERSION = YES;
				CLANG_WARN_COMMA = YES;
				CLANG_WARN_CONSTANT_CONVERSION = YES;
				CLANG_WARN_DIRECT_OBJC_ISA_USAGE = YES_ERROR;
				CLANG_WARN_DOCUMENTATION_COMMENTS = YES;
				CLANG_WARN_EMPTY_BODY = YES;
				CLANG_WARN_ENUM_CONVERSION = YES;
				CLANG_WARN_INFINITE_RECURSION = YES;
				CLANG_WARN_INT_CONVERSION = YES;
				CLANG_WARN_NON_LITERAL_NULL_CONVERSION = YES;
				CLANG_WARN_OBJC_LITERAL_CONVERSION = YES;
				CLANG_WARN_OBJC_ROOT_CLASS = YES_ERROR;
				CLANG_WARN_RANGE_LOOP_ANALYSIS = YES;
				CLANG_WARN_STRICT_PROTOTYPES = YES;
				CLANG_WARN_SUSPICIOUS_MOVE = YES;
				CLANG_WARN_UNGUARDED_AVAILABILITY = YES_AGGRESSIVE;
				CLANG_WARN_UNREACHABLE_CODE = YES;
				CLANG_WARN__DUPLICATE_METHOD_MATCH = YES;
				CODE_SIGN_IDENTITY = "iPhone Developer";
				COPY_PHASE_STRIP = NO;
				DEBUG_INFORMATION_FORMAT = "dwarf-with-dsym";
				ENABLE_NS_ASSERTIONS = NO;
				ENABLE_STRICT_OBJC_MSGSEND = YES;
				GCC_C_LANGUAGE_STANDARD = gnu11;
				GCC_NO_COMMON_BLOCKS = YES;
				GCC_WARN_64_TO_32_BIT_CONVERSION = YES;
				GCC_WARN_ABOUT_RETURN_TYPE = YES_ERROR;
				GCC_WARN_UNDECLARED_SELECTOR = YES;
				GCC_WARN_UNINITIALIZED_AUTOS = YES_AGGRESSIVE;
				GCC_WARN_UNUSED_FUNCTION = YES;
				GCC_WARN_UNUSED_VARIABLE = YES;
				IPHONEOS_DEPLOYMENT_TARGET = 11.0;
				MTL_ENABLE_DEBUG_INFO = NO;
				SDKROOT = iphoneos;
				SWIFT_OPTIMIZATION_LEVEL = "-Owholemodule";
				VALIDATE_PRODUCT = YES;
			};
			name = Release;
		};
		0CADA3CE1FE0392D0005A84B /* Debug */ = {
			isa = XCBuildConfiguration;
			buildSettings = {
				ASSETCATALOG_COMPILER_APPICON_NAME = AppIcon;
				CODE_SIGN_STYLE = Manual;
				DEVELOPMENT_TEAM = GULHCD6S5K;
				INFOPLIST_FILE = NetworkAndCoreDataTask/Info.plist;
				LD_RUNPATH_SEARCH_PATHS = "$(inherited) @executable_path/Frameworks";
				PRODUCT_BUNDLE_IDENTIFIER = com.ebix.dev;
				PRODUCT_NAME = "$(TARGET_NAME)";
				PROVISIONING_PROFILE = "2ffbba77-3215-4dc0-8d6b-217b862e2f7e";
				PROVISIONING_PROFILE_SPECIFIER = Dev_profile;
				SWIFT_VERSION = 4.0;
				TARGETED_DEVICE_FAMILY = "1,2";
			};
			name = Debug;
		};
		0CADA3CF1FE0392D0005A84B /* Release */ = {
			isa = XCBuildConfiguration;
			buildSettings = {
				ASSETCATALOG_COMPILER_APPICON_NAME = AppIcon;
				CODE_SIGN_STYLE = Manual;
				DEVELOPMENT_TEAM = "";
				INFOPLIST_FILE = NetworkAndCoreDataTask/Info.plist;
				LD_RUNPATH_SEARCH_PATHS = "$(inherited) @executable_path/Frameworks";
				PRODUCT_BUNDLE_IDENTIFIER = com.ebix.dev;
				PRODUCT_NAME = "$(TARGET_NAME)";
				PROVISIONING_PROFILE_SPECIFIER = "";
				SWIFT_VERSION = 4.0;
				TARGETED_DEVICE_FAMILY = "1,2";
			};
			name = Release;
		};
/* End XCBuildConfiguration section */

/* Begin XCConfigurationList section */
		0CADA3B31FE0392D0005A84B /* Build configuration list for PBXProject "NetworkAndCoreDataTask" */ = {
			isa = XCConfigurationList;
			buildConfigurations = (
				0CADA3CB1FE0392D0005A84B /* Debug */,
				0CADA3CC1FE0392D0005A84B /* Release */,
			);
			defaultConfigurationIsVisible = 0;
			defaultConfigurationName = Release;
		};
		0CADA3CD1FE0392D0005A84B /* Build configuration list for PBXNativeTarget "NetworkAndCoreDataTask" */ = {
			isa = XCConfigurationList;
			buildConfigurations = (
				0CADA3CE1FE0392D0005A84B /* Debug */,
				0CADA3CF1FE0392D0005A84B /* Release */,
			);
			defaultConfigurationIsVisible = 0;
			defaultConfigurationName = Release;
		};
/* End XCConfigurationList section */

/* Begin XCVersionGroup section */
		0CADA3C21FE0392D0005A84B /* NetworkAndCoreDataTask.xcdatamodeld */ = {
			isa = XCVersionGroup;
			children = (
				0CADA3C31FE0392D0005A84B /* NetworkAndCoreDataTask.xcdatamodel */,
			);
			currentVersion = 0CADA3C31FE0392D0005A84B /* NetworkAndCoreDataTask.xcdatamodel */;
			path = NetworkAndCoreDataTask.xcdatamodeld;
			sourceTree = "<group>";
			versionGroupType = wrapper.xcdatamodel;
		};
/* End XCVersionGroup section */
	};
	rootObject = 0CADA3B01FE0392D0005A84B /* Project object */;
}
